
Microsoft Visual Studio Solution File, Format Version 12.00
# Visual Studio Version 17
VisualStudioVersion = 17.2.32616.157
MinimumVisualStudioVersion = 10.0.40219.1
Project("{FAE04EC0-301F-11D3-BF4B-00C04F79EFBC}") = "InterviewTask", "InterviewTask.csproj", "{AFA9D7DE-8256-40D4-B2E6-D8F5D4C38068}"
EndProject
Project("{FAE04EC0-301F-11D3-BF4B-00C04F79EFBC}") = "DbAccess", "..\DbAccess\DbAccess.csproj", "{4C585D50-216F-4457-8749-F429AD37D4DC}"
EndProject
Global
	GlobalSection(SolutionConfigurationPlatforms) = preSolution
		Debug|Any CPU = Debug|Any CPU
		Release|Any CPU = Release|Any CPU
	EndGlobalSection
	GlobalSection(ProjectConfigurationPlatforms) = postSolution
		{AFA9D7DE-8256-40D4-B2E6-D8F5D4C38068}.Debug|Any CPU.ActiveCfg = Debug|Any CPU
		{AFA9D7DE-8256-40D4-B2E6-D8F5D4C38068}.Debug|Any CPU.Build.0 = Debug|Any CPU
		{AFA9D7DE-8256-40D4-B2E6-D8F5D4C38068}.Release|Any CPU.ActiveCfg = Release|Any CPU
		{AFA9D7DE-8256-40D4-B2E6-D8F5D4C38068}.Release|Any CPU.Build.0 = Release|Any CPU
		{4C585D50-216F-4457-8749-F429AD37D4DC}.Debug|Any CPU.ActiveCfg = Debug|Any CPU
		{4C585D50-216F-4457-8749-F429AD37D4DC}.Debug|Any CPU.Build.0 = Debug|Any CPU
		{4C585D50-216F-4457-8749-F429AD37D4DC}.Release|Any CPU.ActiveCfg = Release|Any CPU
		{4C585D50-216F-4457-8749-F429AD37D4DC}.Release|Any CPU.Build.0 = Release|Any CPU
	EndGlobalSection
	GlobalSection(SolutionProperties) = preSolution
		HideSolutionNode = FALSE
	EndGlobalSection
	GlobalSection(ExtensibilityGlobals) = postSolution
		SolutionGuid = {1B0C13B7-7A90-4A2B-97C0-051302740A3C}
	EndGlobalSection
EndGlobal
